
Microsoft Visual Studio Solution File, Format Version 12.00
# Visual Studio 15
VisualStudioVersion = 15.0.28010.2048
MinimumVisualStudioVersion = 10.0.40219.1
Project("{FAE04EC0-301F-11D3-BF4B-00C04F79EFBC}") = "GHFollowers2", "GHFollowers2\GHFollowers2.csproj", "{980369EC-6277-4951-B024-BC624ADC16C9}"
EndProject
Global
	GlobalSection(SolutionConfigurationPlatforms) = preSolution
		Debug|Any CPU = Debug|Any CPU
		Release|Any CPU = Release|Any CPU
	EndGlobalSection
	GlobalSection(ProjectConfigurationPlatforms) = postSolution
		{980369EC-6277-4951-B024-BC624ADC16C9}.Debug|Any CPU.ActiveCfg = Debug|Any CPU
		{980369EC-6277-4951-B024-BC624ADC16C9}.Debug|Any CPU.Build.0 = Debug|Any CPU
		{980369EC-6277-4951-B024-BC624ADC16C9}.Release|Any CPU.ActiveCfg = Release|Any CPU
		{980369EC-6277-4951-B024-BC624ADC16C9}.Release|Any CPU.Build.0 = Release|Any CPU
	EndGlobalSection
	GlobalSection(SolutionProperties) = preSolution
		HideSolutionNode = FALSE
	EndGlobalSection
	GlobalSection(ExtensibilityGlobals) = postSolution
		SolutionGuid = {6994C82C-FBAD-4871-B1A5-751759DA9D30}
	EndGlobalSection
EndGlobal
